
Microsoft Visual Studio Solution File, Format Version 12.00
# Visual Studio Version 16
VisualStudioVersion = 16.0.29306.81
MinimumVisualStudioVersion = 10.0.40219.1
Project("{FAE04EC0-301F-11D3-BF4B-00C04F79EFBC}") = "TrainingHub", "TrainingHub.csproj", "{6A36CDFB-F9E2-47CB-8B3A-FC7F5C78008C}"
EndProject
Global
	GlobalSection(SolutionConfigurationPlatforms) = preSolution
		Debug|Any CPU = Debug|Any CPU
		Release|Any CPU = Release|Any CPU
	EndGlobalSection
	GlobalSection(ProjectConfigurationPlatforms) = postSolution
		{6A36CDFB-F9E2-47CB-8B3A-FC7F5C78008C}.Debug|Any CPU.ActiveCfg = Debug|Any CPU
		{6A36CDFB-F9E2-47CB-8B3A-FC7F5C78008C}.Debug|Any CPU.Build.0 = Debug|Any CPU
		{6A36CDFB-F9E2-47CB-8B3A-FC7F5C78008C}.Release|Any CPU.ActiveCfg = Release|Any CPU
		{6A36CDFB-F9E2-47CB-8B3A-FC7F5C78008C}.Release|Any CPU.Build.0 = Release|Any CPU
	EndGlobalSection
	GlobalSection(SolutionProperties) = preSolution
		HideSolutionNode = FALSE
	EndGlobalSection
	GlobalSection(ExtensibilityGlobals) = postSolution
		SolutionGuid = {0781453B-936B-40E6-AE51-97A6509597F8}
	EndGlobalSection
EndGlobal
